
Microsoft Visual Studio Solution File, Format Version 12.00
# Visual Studio Version 17
VisualStudioVersion = 17.10.34928.147
MinimumVisualStudioVersion = 10.0.40219.1
Project("{FAE04EC0-301F-11D3-BF4B-00C04F79EFBC}") = "Adyen", "Adyen\Adyen.csproj", "{61ADB0CE-8C2F-40DD-8F7D-445C363F4C99}"
EndProject
Global
	GlobalSection(SolutionConfigurationPlatforms) = preSolution
		Debug|Any CPU = Debug|Any CPU
		Release|Any CPU = Release|Any CPU
	EndGlobalSection
	GlobalSection(ProjectConfigurationPlatforms) = postSolution
		{61ADB0CE-8C2F-40DD-8F7D-445C363F4C99}.Debug|Any CPU.ActiveCfg = Debug|Any CPU
		{61ADB0CE-8C2F-40DD-8F7D-445C363F4C99}.Debug|Any CPU.Build.0 = Debug|Any CPU
		{61ADB0CE-8C2F-40DD-8F7D-445C363F4C99}.Release|Any CPU.ActiveCfg = Release|Any CPU
		{61ADB0CE-8C2F-40DD-8F7D-445C363F4C99}.Release|Any CPU.Build.0 = Release|Any CPU
	EndGlobalSection
	GlobalSection(SolutionProperties) = preSolution
		HideSolutionNode = FALSE
	EndGlobalSection
	GlobalSection(ExtensibilityGlobals) = postSolution
		SolutionGuid = {33497BFC-51D6-46A2-B05C-326A35266E19}
	EndGlobalSection
EndGlobal
